PODS:
  - EZTransitionAnimator (0.1.0)

DEPENDENCIES:
  - EZTransitionAnimator (from `../`)

EXTERNAL SOURCES:
  EZTransitionAnimator:
    :path: "../"

SPEC CHECKSUMS:
  EZTransitionAnimator: d6ad4230f07fff2ad6aff4f75822758624ae9d7c

PODFILE CHECKSUM: 6c845278d6e89099567bac107948b2eaf97653d7

COCOAPODS: 1.7.3
